hash: 589a63688491075ffa67652c8f13ee7295495de68f37b12372450fe48ac10ee4
updated: 2018-02-17T18:54:59.571070949-05:00
imports:
- name: github.com/gorilla/schema
  version: afe77393c53b66afe9212810d9b2013859d04ae6
- name: github.com/jinzhu/gorm
  version: 5174cc5c242a728b435ea2be8a2f7f998e15429b
- name: github.com/kataras/iris
  version: cfd33bc7cdc077c11e7da911469321f2e54e3847
- name: github.com/lib/pq
  version: 88edab0803230a3898347e77b474f8c1820a1f20
- name: github.com/pkg/errors
  version: 645ef00459ed84a119197bfb8d8205042c6df63d
testImports: []
