hash: fc51353bb2ed764cdaac4c0957c1745f3be1a8dddc2ff94f6d8b76b89fc3183d
updated: 2018-01-11T18:09:02.105979197-06:00
imports:
- name: github.com/gocql/gocql
  version: c4da86d17b3b2812ada159b1c75887cadb4c120e
  subpackages:
  - internal/lru
  - internal/murmur
  - internal/streams
- name: github.com/golang/snappy
  version: 553a641470496b2327abcac10b36396bd98e45c9
- name: github.com/gorilla/context
  version: 08b5f424b9271eedf6f9f0ce86cb9396ed337a42
- name: github.com/gorilla/mux
  version: 5bbbb5b2b5729b132181cc7f4aa3b3c973e9a0ed
- name: github.com/gorilla/schema
  version: afe77393c53b66afe9212810d9b2013859d04ae6
- name: github.com/hailocab/go-hostpool
  version: e80d13ce29ede4452c43dea11e79b9bc8a15b478
- name: github.com/lib/pq
  version: 83612a56d3dd153a94a629cd64925371c9adad78
  subpackages:
  - oid
- name: gopkg.in/inf.v0
  version: 3887ee99ecf07df5b447e9b00d9c0b2adaa9f3e4
testImports: []
